<?xml version="1.0" encoding="utf-8"?>
<Project ToolsVersion="4.0" xmlns="http://schemas.microsoft.com/developer/msbuild/2003">
  <ItemGroup>
    <Filter Include="Исходные файлы">
      <UniqueIdentifier>{4FC737F1-C7A5-4376-A066-2A32D752A2FF}</UniqueIdentifier>
      <Extensions>cpp;c;cc;cxx;def;odl;idl;hpj;bat;asm;asmx</Extensions>
    </Filter>
    <Filter Include="Файлы заголовков">
      <UniqueIdentifier>{93995380-89BD-4b04-88EB-625FBE52EBFB}</UniqueIdentifier>
      <Extensions>h;hh;hpp;hxx;hm;inl;inc;ipp;xsd</Extensions>
    </Filter>
    <Filter Include="Файлы ресурсов">
      <UniqueIdentifier>{67DA6AB6-F800-4c08-8B7A-83BB121AAD01}</UniqueIdentifier>
      <Extensions>rc;ico;cur;bmp;dlg;rc2;rct;bin;rgs;gif;jpg;jpeg;jpe;resx;tiff;tif;png;wav;mfcribbon-ms</Extensions>
    </Filter>
    <Filter Include="LEVCAN">
      <UniqueIdentifier>{c760d646-9fd1-44d5-a27b-ff69a43062e8}</UniqueIdentifier>
    </Filter>
  </ItemGroup>
  <ItemGroup>
    <ClInclude Include="stdafx.h">
      <Filter>Файлы заголовков</Filter>
    </ClInclude>
    <ClInclude Include="targetver.h">
      <Filter>Файлы заголовков</Filter>
    </ClInclude>
    <ClInclude Include="levcan_config.h">
      <Filter>Файлы заголовков</Filter>
    </ClInclude>
    <ClInclude Include="..\..\LEVCAN\source\levcan.h">
      <Filter>LEVCAN</Filter>
    </ClInclude>
    <ClInclude Include="..\..\LEVCAN\source\levcan_address.h">
      <Filter>LEVCAN</Filter>
    </ClInclude>
    <ClInclude Include="..\..\LEVCAN\source\levcan_objects.h">
      <Filter>LEVCAN</Filter>
    </ClInclude>
    <ClInclude Include="..\..\LEVCAN\source\levcan_paramclient.h">
      <Filter>LEVCAN</Filter>
    </ClInclude>
    <ClInclude Include="..\..\LEVCAN\source\levcan_paramcommon.h">
      <Filter>LEVCAN</Filter>
    </ClInclude>
    <ClInclude Include="..\..\LEVCAN\source\levcan_paraminternal.h">
      <Filter>LEVCAN</Filter>
    </ClInclude>
    <ClInclude Include="..\..\LEVCAN\source\levcan_paramserver.h">
      <Filter>LEVCAN</Filter>
    </ClInclude>
    <ClInclude Include="..\..\LEVCAN\source\levcan_filedef.h">
      <Filter>LEVCAN</Filter>
    </ClInclude>
    <ClInclude Include="..\..\LEVCAN\source\levcan_fileserver.h">
      <Filter>LEVCAN</Filter>
    </ClInclude>
    <ClInclude Include="..\..\LEVCAN\source\levcan_internal.h">
      <Filter>LEVCAN</Filter>
    </ClInclude>
  </ItemGroup>
  <ItemGroup>
    <ClCompile Include="stdafx.cpp">
      <Filter>Исходные файлы</Filter>
    </ClCompile>
    <ClCompile Include="dllmain.cpp">
      <Filter>Исходные файлы</Filter>
    </ClCompile>
    <ClCompile Include="levcan_lib.c">
      <Filter>Исходные файлы</Filter>
    </ClCompile>
    <ClCompile Include="..\..\LEVCAN\source\levcan.c">
      <Filter>LEVCAN</Filter>
    </ClCompile>
    <ClCompile Include="..\..\LEVCAN\source\levcan_address.c">
      <Filter>LEVCAN</Filter>
    </ClCompile>
    <ClCompile Include="..\..\LEVCAN\source\levcan_paramclient.c">
      <Filter>LEVCAN</Filter>
    </ClCompile>
    <ClCompile Include="..\..\LEVCAN\source\levcan_paramcommon.c">
      <Filter>LEVCAN</Filter>
    </ClCompile>
    <ClCompile Include="..\..\LEVCAN\source\levcan_fileserver.c">
      <Filter>LEVCAN</Filter>
    </ClCompile>
  </ItemGroup>
</Project>