
Microsoft Visual Studio Solution File, Format Version 12.00
# Visual Studio 15
VisualStudioVersion = 15.0.28306.52
MinimumVisualStudioVersion = 10.0.40219.1
Project("{FAE04EC0-301F-11D3-BF4B-00C04F79EFBC}") = "LEVCAN Logger", "LEVCAN Logger\LEVCAN Logger.csproj", "{0CBCC19A-D35C-493D-A04C-DE1AA7E31F0D}"
EndProject
Project("{8BC9CEB8-8B4A-11D0-8D11-00A0C91BC942}") = "LEVCAN lib", "LEVCAN Lib\LEVCAN Lib.vcxproj", "{BBC83A70-D6CC-43CB-A803-1863666B656F}"
EndProject
Project("{FAE04EC0-301F-11D3-BF4B-00C04F79EFBC}") = "LEVCAN Configurator", "LEVCAN Configurator\LEVCAN Configurator.csproj", "{085F6896-82C8-4781-A9AE-600E9C3F3E60}"
EndProject
Project("{FAE04EC0-301F-11D3-BF4B-00C04F79EFBC}") = "Nucular Configurator", "Nucular Configurator\Nucular Configurator.csproj", "{97BB2BA4-E7DC-4477-927D-9DEFC88D159C}"
EndProject
Global
	GlobalSection(SolutionConfigurationPlatforms) = preSolution
		Debug|Any CPU = Debug|Any CPU
		Debug|x64 = Debug|x64
		Debug|x86 = Debug|x86
		Release|Any CPU = Release|Any CPU
		Release|x64 = Release|x64
		Release|x86 = Release|x86
	EndGlobalSection
	GlobalSection(ProjectConfigurationPlatforms) = postSolution
		{0CBCC19A-D35C-493D-A04C-DE1AA7E31F0D}.Debug|Any CPU.ActiveCfg = Debug|Any CPU
		{0CBCC19A-D35C-493D-A04C-DE1AA7E31F0D}.Debug|Any CPU.Build.0 = Debug|Any CPU
		{0CBCC19A-D35C-493D-A04C-DE1AA7E31F0D}.Debug|x64.ActiveCfg = Debug|x64
		{0CBCC19A-D35C-493D-A04C-DE1AA7E31F0D}.Debug|x64.Build.0 = Debug|x64
		{0CBCC19A-D35C-493D-A04C-DE1AA7E31F0D}.Debug|x86.ActiveCfg = Debug|x86
		{0CBCC19A-D35C-493D-A04C-DE1AA7E31F0D}.Debug|x86.Build.0 = Debug|x86
		{0CBCC19A-D35C-493D-A04C-DE1AA7E31F0D}.Release|Any CPU.ActiveCfg = Release|Any CPU
		{0CBCC19A-D35C-493D-A04C-DE1AA7E31F0D}.Release|Any CPU.Build.0 = Release|Any CPU
		{0CBCC19A-D35C-493D-A04C-DE1AA7E31F0D}.Release|x64.ActiveCfg = Release|x64
		{0CBCC19A-D35C-493D-A04C-DE1AA7E31F0D}.Release|x64.Build.0 = Release|x64
		{0CBCC19A-D35C-493D-A04C-DE1AA7E31F0D}.Release|x86.ActiveCfg = Release|x86
		{0CBCC19A-D35C-493D-A04C-DE1AA7E31F0D}.Release|x86.Build.0 = Release|x86
		{BBC83A70-D6CC-43CB-A803-1863666B656F}.Debug|Any CPU.ActiveCfg = Debug|Win32
		{BBC83A70-D6CC-43CB-A803-1863666B656F}.Debug|x64.ActiveCfg = Debug|x64
		{BBC83A70-D6CC-43CB-A803-1863666B656F}.Debug|x64.Build.0 = Debug|x64
		{BBC83A70-D6CC-43CB-A803-1863666B656F}.Debug|x86.ActiveCfg = Debug|Win32
		{BBC83A70-D6CC-43CB-A803-1863666B656F}.Debug|x86.Build.0 = Debug|Win32
		{BBC83A70-D6CC-43CB-A803-1863666B656F}.Release|Any CPU.ActiveCfg = Release|Win32
		{BBC83A70-D6CC-43CB-A803-1863666B656F}.Release|x64.ActiveCfg = Release|x64
		{BBC83A70-D6CC-43CB-A803-1863666B656F}.Release|x64.Build.0 = Release|x64
		{BBC83A70-D6CC-43CB-A803-1863666B656F}.Release|x86.ActiveCfg = Release|Win32
		{BBC83A70-D6CC-43CB-A803-1863666B656F}.Release|x86.Build.0 = Release|Win32
		{085F6896-82C8-4781-A9AE-600E9C3F3E60}.Debug|Any CPU.ActiveCfg = Debug|Any CPU
		{085F6896-82C8-4781-A9AE-600E9C3F3E60}.Debug|Any CPU.Build.0 = Debug|Any CPU
		{085F6896-82C8-4781-A9AE-600E9C3F3E60}.Debug|x64.ActiveCfg = Debug|Any CPU
		{085F6896-82C8-4781-A9AE-600E9C3F3E60}.Debug|x64.Build.0 = Debug|Any CPU
		{085F6896-82C8-4781-A9AE-600E9C3F3E60}.Debug|x86.ActiveCfg = Debug|Any CPU
		{085F6896-82C8-4781-A9AE-600E9C3F3E60}.Debug|x86.Build.0 = Debug|Any CPU
		{085F6896-82C8-4781-A9AE-600E9C3F3E60}.Release|Any CPU.ActiveCfg = Release|Any CPU
		{085F6896-82C8-4781-A9AE-600E9C3F3E60}.Release|Any CPU.Build.0 = Release|Any CPU
		{085F6896-82C8-4781-A9AE-600E9C3F3E60}.Release|x64.ActiveCfg = Release|Any CPU
		{085F6896-82C8-4781-A9AE-600E9C3F3E60}.Release|x64.Build.0 = Release|Any CPU
		{085F6896-82C8-4781-A9AE-600E9C3F3E60}.Release|x86.ActiveCfg = Release|Any CPU
		{085F6896-82C8-4781-A9AE-600E9C3F3E60}.Release|x86.Build.0 = Release|Any CPU
		{97BB2BA4-E7DC-4477-927D-9DEFC88D159C}.Debug|Any CPU.ActiveCfg = Debug|Any CPU
		{97BB2BA4-E7DC-4477-927D-9DEFC88D159C}.Debug|Any CPU.Build.0 = Debug|Any CPU
		{97BB2BA4-E7DC-4477-927D-9DEFC88D159C}.Debug|x64.ActiveCfg = Debug|Any CPU
		{97BB2BA4-E7DC-4477-927D-9DEFC88D159C}.Debug|x64.Build.0 = Debug|Any CPU
		{97BB2BA4-E7DC-4477-927D-9DEFC88D159C}.Debug|x86.ActiveCfg = Debug|Any CPU
		{97BB2BA4-E7DC-4477-927D-9DEFC88D159C}.Debug|x86.Build.0 = Debug|Any CPU
		{97BB2BA4-E7DC-4477-927D-9DEFC88D159C}.Release|Any CPU.ActiveCfg = Release|Any CPU
		{97BB2BA4-E7DC-4477-927D-9DEFC88D159C}.Release|Any CPU.Build.0 = Release|Any CPU
		{97BB2BA4-E7DC-4477-927D-9DEFC88D159C}.Release|x64.ActiveCfg = Release|Any CPU
		{97BB2BA4-E7DC-4477-927D-9DEFC88D159C}.Release|x64.Build.0 = Release|Any CPU
		{97BB2BA4-E7DC-4477-927D-9DEFC88D159C}.Release|x86.ActiveCfg = Release|Any CPU
		{97BB2BA4-E7DC-4477-927D-9DEFC88D159C}.Release|x86.Build.0 = Release|Any CPU
	EndGlobalSection
	GlobalSection(SolutionProperties) = preSolution
		HideSolutionNode = FALSE
	EndGlobalSection
	GlobalSection(ExtensibilityGlobals) = postSolution
		SolutionGuid = {EC85BB3F-C734-48D5-9785-FF9B8D7BA524}
	EndGlobalSection
EndGlobal
